entries:
  qwen2.5-coder-1.5b-smoke:
    sha256: b32265ac99a6396e9ea58c8f3d7047a1f904985ea87742420faaf7db02103d5e
    locked_fields:
    - model.hf_repo
    - model.formats
    - test_matrix
    - falsification_gates
  qwen2.5-coder-32b-quick:
    sha256: 4cf8e6a26f2a10dfcc5997f8bec21cc8e5061542a7da52426e780d05e8fef6a2
    locked_fields:
    - model.hf_repo
    - model.formats
    - test_matrix
    - falsification_gates
  qwen2.5-coder-0.5b-mvp:
    sha256: 14b0276d9d4c73ca9f9ee4d37c39f39ac439deae8f8be19dc7fe4bd64194c084
    locked_fields:
    - model.hf_repo
    - model.formats
    - test_matrix
    - falsification_gates
  qwen2.5-coder-7b-full:
    sha256: 7aff149d0acaef9e1fa1ba923a9f5ede478ca0ed87c5a91a2af14d05a82deb00
    locked_fields:
    - model.hf_repo
    - model.formats
    - test_matrix
    - falsification_gates
  qwen2.5-coder-32b:
    sha256: d6ee507f1b30690a9cc1732db0ab2d12a01bb4a9f51816c99840bb617bd1b1f7
    locked_fields:
    - model.hf_repo
    - model.formats
    - test_matrix
    - falsification_gates
  deepseek-coder-1.3b:
    sha256: b440b4a222ca13c6f3425b1e53abc174935fa75f29afea3f4744e8fdb6db53cb
    locked_fields:
    - model.hf_repo
    - model.formats
    - test_matrix
    - falsification_gates
  qwen2.5-coder-1.5b-quick:
    sha256: 8dbb1f48ca93a0948a560fb32a6febc37e2569040fc2aac2581dd5668cd3d7d2
    locked_fields:
    - model.hf_repo
    - model.formats
    - test_matrix
    - falsification_gates
  deepseek-coder-1.3b-mvp:
    sha256: 9e3dfb48b51f9efec7d497f2fa16503bae7821bb7f080324636c8e4214a15c83
    locked_fields:
    - model.hf_repo
    - model.formats
    - test_matrix
    - falsification_gates
  qwen2.5-coder-3b-mvp:
    sha256: 9322aa82a27d0dedb0efc613246b3efa90fe7e12730de583aff53d4adaba9a7c
    locked_fields:
    - model.hf_repo
    - model.formats
    - test_matrix
    - falsification_gates
  gemma-2-2b:
    sha256: aa7d08db380641c6a4c882897d0b167c29cc012e1529e32edf133d21052e4fdf
    locked_fields:
    - model.hf_repo
    - model.formats
    - test_matrix
    - falsification_gates
  deepseek-coder-7b-ci:
    sha256: 53b59d22037017d1d1eddaea1aef990e489773ccaa58d506a4c51b52765c809a
    locked_fields:
    - model.hf_repo
    - model.formats
    - test_matrix
    - falsification_gates
  qwen2.5-coder-1.5b-ci:
    sha256: 56a994edb6788e28067382557472dd291502b9f65fd72852efeacd397d5c2438
    locked_fields:
    - model.hf_repo
    - model.formats
    - test_matrix
    - falsification_gates
  qwen2.5-coder-0.5b-smoke:
    sha256: a11f6b46e7ac5d22da49db5a83dd173c9638ef3a8074cc59b51464f0ece61af8
    locked_fields:
    - model.hf_repo
    - model.formats
    - test_matrix
    - falsification_gates
  qwen2.5-coder-3b:
    sha256: 6955b120e29d825029454592e23fbe6b492d88ccd7bf79f4c922c9fa03f0e140
    locked_fields:
    - model.hf_repo
    - model.formats
    - test_matrix
    - falsification_gates
  qwen2.5-coder-32b-mvp:
    sha256: fe62c07d6252a93716e46831f9e126c9958fa98d85fb204735d9e1a019b7562b
    locked_fields:
    - model.hf_repo
    - model.formats
    - test_matrix
    - falsification_gates
  phi-3-mini:
    sha256: ee2af0e9a36c046b913bb326cf933df35958fb02d0ccb4f35d48782760e04c20
    locked_fields:
    - model.hf_repo
    - model.formats
    - test_matrix
    - falsification_gates
  deepseek-coder-1.3b-quick:
    sha256: 9bc601af4ede82989c60321073ff424c51c1b330c1d7c770b7e8e1ea05272a0a
    locked_fields:
    - model.hf_repo
    - model.formats
    - test_matrix
    - falsification_gates
  deepseek-coder-1.3b-smoke:
    sha256: ffbdb3195947dbc7a504f37e90476cd835578d05dbabc4f4073eb3c24053281b
    locked_fields:
    - model.hf_repo
    - model.formats
    - test_matrix
    - falsification_gates
  qwen2.5-coder-7b-quick:
    sha256: fbd081d98836b60204ddfc5a64eed669706274570ac1de0060e38b502a696d93
    locked_fields:
    - model.hf_repo
    - model.formats
    - test_matrix
    - falsification_gates
  qwen2.5-coder-1.5b:
    sha256: 12a5d12fecf8ed604ac5aa14eebb4aeae7d76a999011db5db42929df50d9e208
    locked_fields:
    - model.hf_repo
    - model.formats
    - test_matrix
    - falsification_gates
  deepseek-coder-7b-mvp:
    sha256: 6464b7693fe060ec685ac4ffa1a3fcb1a0860f9492eda479164293808244a1a7
    locked_fields:
    - model.hf_repo
    - model.formats
    - test_matrix
    - falsification_gates
  deepseek-coder-7b:
    sha256: 574a667c4c653c6baec15260813b2e611d83d01a3f587fe50765a142e422faea
    locked_fields:
    - model.hf_repo
    - model.formats
    - test_matrix
    - falsification_gates
  qwen2.5-coder-7b-mvp:
    sha256: 71255acc47a313adfd71aafad81bd65ae8e493da35ff23d0d621714e1e6abd81
    locked_fields:
    - model.hf_repo
    - model.formats
    - test_matrix
    - falsification_gates
  qwen2.5-coder-7b:
    sha256: 59f80096c0e12cf000a843a08ed9a3a771aad53014e5556e8552f76be738c863
    locked_fields:
    - model.hf_repo
    - model.formats
    - test_matrix
    - falsification_gates
  llama-3.2-1b:
    sha256: e1c288827d831108d5a5b61cd6574506c51e33b5cc5d6ca62a0a9b41dc633028
    locked_fields:
    - model.hf_repo
    - model.formats
    - test_matrix
    - falsification_gates
  qwen2.5-coder-3b-smoke:
    sha256: 77799e9bf6a8152bea82b1939302a0cfa1f31df933192e811bb9c4f2af93b5e6
    locked_fields:
    - model.hf_repo
    - model.formats
    - test_matrix
    - falsification_gates
  qwen2.5-coder-14b-quick:
    sha256: a9aa72b5bf6e1d7c88db5874c28cfefed88a96f081f9790ac9cb92f85cf4b0d3
    locked_fields:
    - model.hf_repo
    - model.formats
    - test_matrix
    - falsification_gates
  mistral-7b:
    sha256: 11241af3b851361b9bcd58a6f40d60d2a8acded245d4c28a9e1ebe5150aaf84a
    locked_fields:
    - model.hf_repo
    - model.formats
    - test_matrix
    - falsification_gates
  qwen2.5-coder-14b:
    sha256: f77a683df4e2ec6e2a9de52da0df1db3fd37e58837eeaf87a3034d3ce15a24b1
    locked_fields:
    - model.hf_repo
    - model.formats
    - test_matrix
    - falsification_gates
  deepseek-coder-7b-quick:
    sha256: 2ffe381a41c4c1895679a476700b8150eb5b2b084ac1db633efec9f0558fa793
    locked_fields:
    - model.hf_repo
    - model.formats
    - test_matrix
    - falsification_gates
  qwen2.5-coder-0.5b:
    sha256: bbec6ad171d819d308b9b74cda4ae4187213b3dbc8c93e895ffcd20c7ecddfc6
    locked_fields:
    - model.hf_repo
    - model.formats
    - test_matrix
    - falsification_gates
  qwen2.5-coder-1.5b-mvp:
    sha256: 07877d37a6b7630589a8a0cd6af1cf2dd417eefde149f0fd4c98bcfeef8d3877
    locked_fields:
    - model.hf_repo
    - model.formats
    - test_matrix
    - falsification_gates
  deepseek-coder-7b-smoke:
    sha256: 3dc705755cd9975680da8542073939377d42ae4704a83c9454cdf07f98cadafd
    locked_fields:
    - model.hf_repo
    - model.formats
    - test_matrix
    - falsification_gates
  qwen2.5-coder-0.5b-quick:
    sha256: 6de0afaa30f7940d7f23f1e26d7dfd19f61a45119257af2a9c6ac8a1b32a6eb7
    locked_fields:
    - model.hf_repo
    - model.formats
    - test_matrix
    - falsification_gates
  llama-3.2-3b:
    sha256: 132bb4950b114f54d75040bd07d1ef8738243f9bfeb10bc0235e19fe3f321e9a
    locked_fields:
    - model.hf_repo
    - model.formats
    - test_matrix
    - falsification_gates
  qwen2.5-coder-3b-quick:
    sha256: 99f23ea8de774e8fcd8a4457261029c9d84f2b972bea12ece3fcad923024c5f0
    locked_fields:
    - model.hf_repo
    - model.formats
    - test_matrix
    - falsification_gates
  deepseek-coder-1.3b-ci:
    sha256: 47b02e4d7a4121237788e86267fa30e61464d154b9de64e4a9f6696ac11cc33f
    locked_fields:
    - model.hf_repo
    - model.formats
    - test_matrix
    - falsification_gates
  qwen2.5-coder-7b-smoke:
    sha256: 80ccb85e657399e338e71c901f6d5f2e2a05dd870c8a7b87572b8beb2a8456ec
    locked_fields:
    - model.hf_repo
    - model.formats
    - test_matrix
    - falsification_gates
  qwen2.5-coder-14b-mvp:
    sha256: 945d47d934fd9b6ff5cea5b645e0e704092baf42eb349de9986108c31408f75a
    locked_fields:
    - model.hf_repo
    - model.formats
    - test_matrix
    - falsification_gates
